github.com/nethruster/go-fraction v0.0.0-20221224165113-1b5f693330ad h1:HtuO+7iVoOXFaZouOdlIgT8gjN3lhk8Gfa2Eah34qSw=
github.com/nethruster/go-fraction v0.0.0-20221224165113-1b5f693330ad/go.mod h1:pyvrvZatpiWIxRlZpeEU0DD6SKOxgLMqZV/AU4Yz6V8=
gonum.org/v1/gonum v0.16.0 h1:5+ul4Swaf3ESvrOnidPp4GZbzf0mxVQpDCYUQE7OJfk=
gonum.org/v1/gonum v0.16.0/go.mod h1:fef3am4MQ93R2HHpKnLk4/Tbh/s0+wqD5nfa6Pnwy4E=
